# This file is automatically @generated by Cargo.
# It is not intended for manual editing.
version = 4

[[package]]
name = "cortex"
version = "0.1.0"
dependencies = [
 "cortex_cli",
]

[[package]]
name = "cortex_activity"
version = "0.1.0"
dependencies = [
 "cortex_jobs",
]

[[package]]
name = "cortex_adapter_git"
version = "0.1.0"
dependencies = [
 "serde",
 "serde_json",
]

[[package]]
name = "cortex_adapter_open2d"
version = "0.1.0"
dependencies = [
 "cortex_process",
 "cortex_protocol",
 "cortex_session",
 "cortex_tools",
 "cortex_workspace",
 "open2d_runtime_bridge",
 "serde",
 "serde_json",
]

[[package]]
name = "cortex_artifacts"
version = "0.1.0"
dependencies = [
 "serde",
]

[[package]]
name = "cortex_capture"
version = "0.1.0"
dependencies = [
 "cortex_protocol",
 "serde",
 "serde_json",
]

[[package]]
name = "cortex_cli"
version = "0.1.0"
dependencies = [
 "cortex_adapter_git",
 "cortex_adapter_open2d",
 "cortex_context",
 "cortex_conversation",
 "cortex_core",
 "cortex_desktop_core",
 "cortex_jobs",
 "cortex_model_host",
 "cortex_observability",
 "cortex_permissions",
 "cortex_plugin",
 "cortex_protocol",
 "cortex_provider",
 "cortex_provider_comfyui",
 "cortex_provider_lmstudio",
 "cortex_provider_router",
 "cortex_registry",
 "cortex_review",
 "cortex_rpc",
 "cortex_service",
 "cortex_settings",
 "cortex_tools",
 "cortex_vault",
 "cortex_web",
 "cortex_workspace",
 "serde_json",
]

[[package]]
name = "cortex_client"
version = "0.1.0"
dependencies = [
 "cortex_protocol",
 "cortex_registry",
 "cortex_rpc",
 "cortex_service",
 "cortex_workspace",
 "serde_json",
]

[[package]]
name = "cortex_context"
version = "0.1.0"
dependencies = [
 "cortex_workspace",
 "serde",
 "serde_json",
]

[[package]]
name = "cortex_conversation"
version = "0.1.0"
dependencies = [
 "cortex_execution",
 "serde",
 "serde_json",
]

[[package]]
name = "cortex_core"
version = "0.1.0"
dependencies = [
 "cortex_protocol",
 "serde",
 "serde_json",
]

[[package]]
name = "cortex_desktop"
version = "0.1.0"
dependencies = [
 "cortex_desktop_core",
 "cortex_desktop_native",
 "cortex_registry",
 "serde_json",
]

[[package]]
name = "cortex_desktop_core"
version = "0.1.0"
dependencies = [
 "cortex_adapter_git",
 "cortex_artifacts",
 "cortex_client",
 "cortex_context",
 "cortex_conversation",
 "cortex_development",
 "cortex_execution",
 "cortex_http",
 "cortex_jobs",
 "cortex_model_host",
 "cortex_observability",
 "cortex_permissions",
 "cortex_plugin",
 "cortex_process",
 "cortex_protocol",
 "cortex_provider_lmstudio",
 "cortex_registry",
 "cortex_review",
 "cortex_service",
 "cortex_settings",
 "cortex_universal",
 "cortex_vault",
 "cortex_workspace",
 "serde",
 "serde_json",
]

[[package]]
name = "cortex_desktop_native"
version = "0.1.0"
dependencies = [
 "cortex_execution",
 "cortex_protocol",
]

[[package]]
name = "cortex_development"
version = "0.1.0"
dependencies = [
 "cortex_universal",
 "serde",
 "serde_json",
]

[[package]]
name = "cortex_execution"
version = "0.1.0"
dependencies = [
 "serde",
 "serde_json",
]

[[package]]
name = "cortex_http"
version = "0.1.0"
dependencies = [
 "serde_json",
]

[[package]]
name = "cortex_image"
version = "0.1.0"
dependencies = [
 "cortex_protocol",
 "serde",
 "serde_json",
]

[[package]]
name = "cortex_jobs"
version = "0.1.0"
dependencies = [
 "cortex_execution",
 "serde",
 "serde_json",
]

[[package]]
name = "cortex_model_host"
version = "0.1.0"
dependencies = [
 "cortex_execution",
 "cortex_http",
 "cortex_service",
 "serde",
 "serde_json",
]

[[package]]
name = "cortex_model_host_app"
version = "0.1.0"
dependencies = [
 "cortex_model_host",
 "serde_json",
]

[[package]]
name = "cortex_observability"
version = "0.1.0"
dependencies = [
 "cortex_protocol",
 "serde",
 "serde_json",
]

[[package]]
name = "cortex_permissions"
version = "0.1.0"
dependencies = [
 "serde",
 "serde_json",
]

[[package]]
name = "cortex_plugin"
version = "0.1.0"
dependencies = [
 "cortex_permissions",
 "serde",
 "serde_json",
]

[[package]]
name = "cortex_process"
version = "0.1.0"
dependencies = [
 "cortex_execution",
 "serde",
 "serde_json",
]

[[package]]
name = "cortex_protocol"
version = "0.1.0"
dependencies = [
 "serde",
 "serde_json",
]

[[package]]
name = "cortex_provider"
version = "0.1.0"
dependencies = [
 "serde",
]

[[package]]
name = "cortex_provider_comfyui"
version = "0.1.0"
dependencies = [
 "cortex_http",
 "cortex_protocol",
 "serde_json",
]

[[package]]
name = "cortex_provider_lmstudio"
version = "0.1.0"
dependencies = [
 "cortex_http",
 "cortex_protocol",
 "serde_json",
]

[[package]]
name = "cortex_provider_native"
version = "0.1.0"
dependencies = [
 "cortex_http",
 "cortex_protocol",
 "cortex_provider_lmstudio",
 "serde_json",
]

[[package]]
name = "cortex_provider_router"
version = "0.1.0"
dependencies = [
 "cortex_protocol",
 "cortex_provider_lmstudio",
 "cortex_provider_native",
 "serde_json",
]

[[package]]
name = "cortex_registry"
version = "0.1.0"
dependencies = [
 "cortex_workspace",
 "serde",
 "serde_json",
]

[[package]]
name = "cortex_review"
version = "0.1.0"
dependencies = [
 "cortex_adapter_git",
 "cortex_client",
 "cortex_workspace",
 "serde",
 "serde_json",
]

[[package]]
name = "cortex_rpc"
version = "0.1.0"
dependencies = [
 "cortex_protocol",
 "serde_json",
]

[[package]]
name = "cortex_service"
version = "0.1.0"
dependencies = [
 "serde",
 "serde_json",
]

[[package]]
name = "cortex_session"
version = "0.1.0"
dependencies = [
 "serde",
 "serde_json",
]

[[package]]
name = "cortex_settings"
version = "0.1.0"
dependencies = [
 "serde",
 "serde_json",
]

[[package]]
name = "cortex_task"
version = "0.1.0"
dependencies = [
 "cortex_jobs",
]

[[package]]
name = "cortex_toolchain"
version = "0.1.0"
dependencies = [
 "serde",
 "serde_json",
]

[[package]]
name = "cortex_tools"
version = "0.1.0"
dependencies = [
 "cortex_adapter_git",
 "cortex_capture",
 "cortex_context",
 "cortex_development",
 "cortex_execution",
 "cortex_image",
 "cortex_jobs",
 "cortex_permissions",
 "cortex_plugin",
 "cortex_process",
 "cortex_protocol",
 "cortex_registry",
 "cortex_rpc",
 "cortex_session",
 "cortex_toolchain",
 "cortex_transactions",
 "cortex_universal",
 "cortex_vault",
 "cortex_workspace",
 "serde_json",
]

[[package]]
name = "cortex_transactions"
version = "0.1.0"
dependencies = [
 "serde",
 "serde_json",
]

[[package]]
name = "cortex_universal"
version = "0.1.0"
dependencies = [
 "serde",
 "serde_json",
]

[[package]]
name = "cortex_vault"
version = "0.1.0"
dependencies = [
 "cortex_protocol",
 "serde",
 "serde_json",
]

[[package]]
name = "cortex_web"
version = "0.1.0"
dependencies = [
 "cortex_protocol",
 "cortex_tools",
 "serde_json",
]

[[package]]
name = "cortex_workspace"
version = "0.1.0"
dependencies = [
 "serde",
 "serde_json",
]

[[package]]
name = "ember_runtime"
version = "0.1.0"
dependencies = [
 "open2d_core",
 "open2d_level",
 "open2d_nodes",
 "open2d_scene",
]

[[package]]
name = "itoa"
version = "1.0.18"
source = "registry+https://github.com/rust-lang/crates.io-index"
checksum = "8f42a60cbdf9a97f5d2305f08a87dc4e09308d1276d28c869c684d7777685682"

[[package]]
name = "memchr"
version = "2.8.0"
source = "registry+https://github.com/rust-lang/crates.io-index"
checksum = "f8ca58f447f06ed17d5fc4043ce1b10dd205e060fb3ce5b979b8ed8e59ff3f79"

[[package]]
name = "open2d_app_shell"
version = "0.1.0"
dependencies = [
 "open2d_core",
 "open2d_documents",
 "open2d_editor_core",
 "open2d_project",
 "serde",
 "serde_json",
]

[[package]]
name = "open2d_assets"
version = "0.1.0"
dependencies = [
 "open2d_core",
 "serde",
]

[[package]]
name = "open2d_canvas"
version = "0.1.0"
dependencies = [
 "serde",
]

[[package]]
name = "open2d_commands"
version = "0.1.0"
dependencies = [
 "open2d_core",
]

[[package]]
name = "open2d_core"
version = "0.1.0"
dependencies = [
 "serde",
]

[[package]]
name = "open2d_cortex"
version = "0.1.0"
dependencies = [
 "cortex_cli",
]

[[package]]
name = "open2d_cortex_capture"
version = "0.1.0"
dependencies = [
 "cortex_capture",
]

[[package]]
name = "open2d_cortex_core"
version = "0.1.0"
dependencies = [
 "cortex_core",
]

[[package]]
name = "open2d_cortex_http"
version = "0.1.0"
dependencies = [
 "cortex_http",
]

[[package]]
name = "open2d_cortex_image"
version = "0.1.0"
dependencies = [
 "cortex_image",
]

[[package]]
name = "open2d_cortex_memory"
version = "0.1.0"
dependencies = [
 "cortex_vault",
]

[[package]]
name = "open2d_cortex_process"
version = "0.1.0"
dependencies = [
 "cortex_process",
]

[[package]]
name = "open2d_cortex_protocol"
version = "0.1.0"
dependencies = [
 "cortex_protocol",
]

[[package]]
name = "open2d_cortex_provider_comfyui"
version = "0.1.0"
dependencies = [
 "cortex_provider_comfyui",
]

[[package]]
name = "open2d_cortex_provider_lmstudio"
version = "0.1.0"
dependencies = [
 "cortex_provider_lmstudio",
]

[[package]]
name = "open2d_cortex_rpc"
version = "0.1.0"
dependencies = [
 "cortex_rpc",
]

[[package]]
name = "open2d_cortex_tools"
version = "0.1.0"
dependencies = [
 "cortex_tools",
]

[[package]]
name = "open2d_cortex_workspace"
version = "0.1.0"
dependencies = [
 "cortex_workspace",
]

[[package]]
name = "open2d_dev_session"
version = "0.1.0"
dependencies = [
 "cortex_session",
]

[[package]]
name = "open2d_documents"
version = "0.1.0"
dependencies = [
 "open2d_core",
 "serde",
 "serde_json",
]

[[package]]
name = "open2d_editor_core"
version = "0.1.0"
dependencies = [
 "open2d_core",
 "open2d_documents",
]

[[package]]
name = "open2d_ember"
version = "0.1.0"
dependencies = [
 "ember_runtime",
 "open2d_app_shell",
 "open2d_core",
 "open2d_documents",
 "open2d_editor_core",
 "open2d_level",
 "open2d_project",
 "open2d_runtime_bridge",
 "serde_json",
]

[[package]]
name = "open2d_foundry"
version = "0.1.0"
dependencies = [
 "open2d_app_shell",
 "open2d_core",
 "open2d_documents",
 "open2d_editor_core",
 "open2d_havenwild_reference",
 "open2d_project",
 "serde_json",
]

[[package]]
name = "open2d_havenwild_reference"
version = "0.1.0"
dependencies = [
 "serde",
]

[[package]]
name = "open2d_ldtk"
version = "0.1.0"
dependencies = [
 "open2d_core",
 "open2d_scene",
 "open2d_world",
 "serde",
 "serde_json",
]

[[package]]
name = "open2d_level"
version = "0.1.0"
dependencies = [
 "open2d_commands",
 "open2d_core",
 "open2d_scene",
 "serde",
 "serde_json",
]

[[package]]
name = "open2d_nodes"
version = "0.1.0"
dependencies = [
 "open2d_core",
 "serde",
]

[[package]]
name = "open2d_pixel"
version = "0.1.0"
dependencies = [
 "open2d_commands",
 "serde",
]

[[package]]
name = "open2d_project"
version = "0.1.0"
dependencies = [
 "open2d_core",
 "serde",
 "serde_json",
]

[[package]]
name = "open2d_runtime_bridge"
version = "0.1.0"
dependencies = [
 "serde",
 "serde_json",
]

[[package]]
name = "open2d_scene"
version = "0.1.0"
dependencies = [
 "open2d_core",
 "serde",
 "serde_json",
]

[[package]]
name = "open2d_tools"
version = "0.1.0"
dependencies = [
 "ember_runtime",
 "open2d_commands",
 "open2d_core",
 "open2d_ldtk",
 "open2d_level",
 "open2d_project",
 "open2d_scene",
 "serde_json",
]

[[package]]
name = "open2d_validation"
version = "0.1.0"
dependencies = [
 "open2d_core",
 "open2d_documents",
 "open2d_project",
]

[[package]]
name = "open2d_world"
version = "0.1.0"
dependencies = [
 "open2d_core",
 "serde",
]

[[package]]
name = "proc-macro2"
version = "1.0.106"
source = "registry+https://github.com/rust-lang/crates.io-index"
checksum = "8fd00f0bb2e90d81d1044c2b32617f68fcb9fa3bb7640c23e9c748e53fb30934"
dependencies = [
 "unicode-ident",
]

[[package]]
name = "quote"
version = "1.0.45"
source = "registry+https://github.com/rust-lang/crates.io-index"
checksum = "41f2619966050689382d2b44f664f4bc593e129785a36d6ee376ddf37259b924"
dependencies = [
 "proc-macro2",
]

[[package]]
name = "serde"
version = "1.0.228"
source = "registry+https://github.com/rust-lang/crates.io-index"
checksum = "9a8e94ea7f378bd32cbbd37198a4a91436180c5bb472411e48b5ec2e2124ae9e"
dependencies = [
 "serde_core",
 "serde_derive",
]

[[package]]
name = "serde_core"
version = "1.0.228"
source = "registry+https://github.com/rust-lang/crates.io-index"
checksum = "41d385c7d4ca58e59fc732af25c3983b67ac852c1a25000afe1175de458b67ad"
dependencies = [
 "serde_derive",
]

[[package]]
name = "serde_derive"
version = "1.0.228"
source = "registry+https://github.com/rust-lang/crates.io-index"
checksum = "d540f220d3187173da220f885ab66608367b6574e925011a9353e4badda91d79"
dependencies = [
 "proc-macro2",
 "quote",
 "syn",
]

[[package]]
name = "serde_json"
version = "1.0.150"
source = "registry+https://github.com/rust-lang/crates.io-index"
checksum = "e8014e44b4736ed0538adeecded0fce2a272f22dc9578a7eb6b2d9993c74cfb9"
dependencies = [
 "itoa",
 "memchr",
 "serde",
 "serde_core",
 "zmij",
]

[[package]]
name = "syn"
version = "2.0.117"
source = "registry+https://github.com/rust-lang/crates.io-index"
checksum = "e665b8803e7b1d2a727f4023456bbbbe74da67099c585258af0ad9c5013b9b99"
dependencies = [
 "proc-macro2",
 "quote",
 "unicode-ident",
]

[[package]]
name = "unicode-ident"
version = "1.0.24"
source = "registry+https://github.com/rust-lang/crates.io-index"
checksum = "e6e4313cd5fcd3dad5cafa179702e2b244f760991f45397d14d4ebf38247da75"

[[package]]
name = "zmij"
version = "1.0.21"
source = "registry+https://github.com/rust-lang/crates.io-index"
checksum = "b8848ee67ecc8aedbaf3e4122217aff892639231befc6a1b58d29fff4c2cabaa"
